
Microsoft Visual Studio Solution File, Format Version 12.00
# Visual Studio 15
VisualStudioVersion = 15.0.28307.1300
MinimumVisualStudioVersion = 10.0.40219.1
Project("{FAE04EC0-301F-11D3-BF4B-00C04F79EFBC}") = "TestUngDung", "OnlineShop\TestUngDung.csproj", "{4C4F5C0B-4147-44F8-B39B-96681D6BF3E9}"
EndProject
Project("{FAE04EC0-301F-11D3-BF4B-00C04F79EFBC}") = "ModelEF", "Model\ModelEF.csproj", "{AF76DB5B-376C-486E-83FF-6F92441B584E}"
EndProject
Global
	GlobalSection(SolutionConfigurationPlatforms) = preSolution
		Debug|Any CPU = Debug|Any CPU
		Release|Any CPU = Release|Any CPU
	EndGlobalSection
	GlobalSection(ProjectConfigurationPlatforms) = postSolution
		{4C4F5C0B-4147-44F8-B39B-96681D6BF3E9}.Debug|Any CPU.ActiveCfg = Debug|Any CPU
		{4C4F5C0B-4147-44F8-B39B-96681D6BF3E9}.Debug|Any CPU.Build.0 = Debug|Any CPU
		{4C4F5C0B-4147-44F8-B39B-96681D6BF3E9}.Release|Any CPU.ActiveCfg = Release|Any CPU
		{4C4F5C0B-4147-44F8-B39B-96681D6BF3E9}.Release|Any CPU.Build.0 = Release|Any CPU
		{AF76DB5B-376C-486E-83FF-6F92441B584E}.Debug|Any CPU.ActiveCfg = Debug|Any CPU
		{AF76DB5B-376C-486E-83FF-6F92441B584E}.Debug|Any CPU.Build.0 = Debug|Any CPU
		{AF76DB5B-376C-486E-83FF-6F92441B584E}.Release|Any CPU.ActiveCfg = Release|Any CPU
		{AF76DB5B-376C-486E-83FF-6F92441B584E}.Release|Any CPU.Build.0 = Release|Any CPU
	EndGlobalSection
	GlobalSection(SolutionProperties) = preSolution
		HideSolutionNode = FALSE
	EndGlobalSection
	GlobalSection(ExtensibilityGlobals) = postSolution
		SolutionGuid = {90097244-AE65-4054-A13F-5F426EA621C0}
	EndGlobalSection
EndGlobal
